// !$*UTF8*$!
{
	archiveVersion = 1;
	classes = {
	};
	objectVersion = 55;
	objects = {

/* Begin PBXBuildFile section */
		0A3DC8B3289BC63900DD56C5 /* CaremoteApp.swift in Sources */ = {isa = PBXBuildFile; fileRef = 0A3DC8B2289BC63900DD56C5 /* CaremoteApp.swift */; };
		0A3DC8B5289BC63900DD56C5 /* ContentView.swift in Sources */ = {isa = PBXBuildFile; fileRef = 0A3DC8B4289BC63900DD56C5 /* ContentView.swift */; };
		0A3DC8B7289BC63900DD56C5 /* Assets.xcassets in Resources */ = {isa = PBXBuildFile; fileRef = 0A3DC8B6289BC63900DD56C5 /* Assets.xcassets */; };
		0A3DC8BA289BC63900DD56C5 /* Preview Assets.xcassets in Resources */ = {isa = PBXBuildFile; fileRef = 0A3DC8B9289BC63900DD56C5 /* Preview Assets.xcassets */; };
		0A3DC8BE289BC63A00DD56C5 /* Caremote WatchKit App.app in Embed Watch Content */ = {isa = PBXBuildFile; fileRef = 0A3DC8BD289BC63A00DD56C5 /* Caremote WatchKit App.app */; settings = {ATTRIBUTES = (RemoveHeadersOnCopy, ); }; };
		0A3DC8C3289BC63A00DD56C5 /* Assets.xcassets in Resources */ = {isa = PBXBuildFile; fileRef = 0A3DC8C2289BC63A00DD56C5 /* Assets.xcassets */; };
		0A3DC8C9289BC63A00DD56C5 /* Caremote WatchKit Extension.appex in Embed App Extensions */ = {isa = PBXBuildFile; fileRef = 0A3DC8C8289BC63A00DD56C5 /* Caremote WatchKit Extension.appex */; settings = {ATTRIBUTES = (RemoveHeadersOnCopy, ); }; };
		0A3DC8CE289BC63A00DD56C5 /* CaremoteApp.swift in Sources */ = {isa = PBXBuildFile; fileRef = 0A3DC8CD289BC63A00DD56C5 /* CaremoteApp.swift */; };
		0A3DC8D0289BC63A00DD56C5 /* ContentView.swift in Sources */ = {isa = PBXBuildFile; fileRef = 0A3DC8CF289BC63A00DD56C5 /* ContentView.swift */; };
		0A3DC8D2289BC63A00DD56C5 /* NotificationController.swift in Sources */ = {isa = PBXBuildFile; fileRef = 0A3DC8D1289BC63A00DD56C5 /* NotificationController.swift */; };
		0A3DC8D4289BC63A00DD56C5 /* NotificationView.swift in Sources */ = {isa = PBXBuildFile; fileRef = 0A3DC8D3289BC63A00DD56C5 /* NotificationView.swift */; };
		0A3DC8D6289BC63A00DD56C5 /* ComplicationController.swift in Sources */ = {isa = PBXBuildFile; fileRef = 0A3DC8D5289BC63A00DD56C5 /* ComplicationController.swift */; };
		0A3DC8D8289BC63B00DD56C5 /* Assets.xcassets in Resources */ = {isa = PBXBuildFile; fileRef = 0A3DC8D7289BC63B00DD56C5 /* Assets.xcassets */; };
		0A3DC8DB289BC63B00DD56C5 /* Preview Assets.xcassets in Resources */ = {isa = PBXBuildFile; fileRef = 0A3DC8DA289BC63B00DD56C5 /* Preview Assets.xcassets */; };
/* End PBXBuildFile section */

/* Begin PBXContainerItemProxy section */
		0A3DC8BF289BC63A00DD56C5 /* PBXContainerItemProxy */ = {
			isa = PBXContainerItemProxy;
			containerPortal = 0A3DC8A7289BC63900DD56C5 /* Project object */;
			proxyType = 1;
			remoteGlobalIDString = 0A3DC8BC289BC63A00DD56C5;
			remoteInfo = "Caremote WatchKit App";
		};
		0A3DC8CA289BC63A00DD56C5 /* PBXContainerItemProxy */ = {
			isa = PBXContainerItemProxy;
			containerPortal = 0A3DC8A7289BC63900DD56C5 /* Project object */;
			proxyType = 1;
			remoteGlobalIDString = 0A3DC8C7289BC63A00DD56C5;
			remoteInfo = "Caremote WatchKit Extension";
		};
/* End PBXContainerItemProxy section */

/* Begin PBXCopyFilesBuildPhase section */
		0A3DC8E3289BC63B00DD56C5 /* Embed App Extensions */ = {
			isa = PBXCopyFilesBuildPhase;
			buildActionMask = 2147483647;
			dstPath = "";
			dstSubfolderSpec = 13;
			files = (
				0A3DC8C9289BC63A00DD56C5 /* Caremote WatchKit Extension.appex in Embed App Extensions */,
			);
			name = "Embed App Extensions";
			runOnlyForDeploymentPostprocessing = 0;
		};
		0A3DC8E7289BC63B00DD56C5 /* Embed Watch Content */ = {
			isa = PBXCopyFilesBuildPhase;
			buildActionMask = 2147483647;
			dstPath = "$(CONTENTS_FOLDER_PATH)/Watch";
			dstSubfolderSpec = 16;
			files = (
				0A3DC8BE289BC63A00DD56C5 /* Caremote WatchKit App.app in Embed Watch Content */,
			);
			name = "Embed Watch Content";
			runOnlyForDeploymentPostprocessing = 0;
		};
/* End PBXCopyFilesBuildPhase section */

/* Begin PBXFileReference section */
		0A3DC8AF289BC63900DD56C5 /* Caremote.app */ = {isa = PBXFileReference; explicitFileType = wrapper.application; includeInIndex = 0; path = Caremote.app; sourceTree = BUILT_PRODUCTS_DIR; };
		0A3DC8B2289BC63900DD56C5 /* CaremoteApp.swift */ = {isa = PBXFileReference; lastKnownFileType = sourcecode.swift; path = CaremoteApp.swift; sourceTree = "<group>"; };
		0A3DC8B4289BC63900DD56C5 /* ContentView.swift */ = {isa = PBXFileReference; lastKnownFileType = sourcecode.swift; path = ContentView.swift; sourceTree = "<group>"; };
		0A3DC8B6289BC63900DD56C5 /* Assets.xcassets */ = {isa = PBXFileReference; lastKnownFileType = folder.assetcatalog; path = Assets.xcassets; sourceTree = "<group>"; };
		0A3DC8B9289BC63900DD56C5 /* Preview Assets.xcassets */ = {isa = PBXFileReference; lastKnownFileType = folder.assetcatalog; path = "Preview Assets.xcassets"; sourceTree = "<group>"; };
		0A3DC8BD289BC63A00DD56C5 /* Caremote WatchKit App.app */ = {isa = PBXFileReference; explicitFileType = wrapper.application; includeInIndex = 0; path = "Caremote WatchKit App.app"; sourceTree = BUILT_PRODUCTS_DIR; };
		0A3DC8C2289BC63A00DD56C5 /* Assets.xcassets */ = {isa = PBXFileReference; lastKnownFileType = folder.assetcatalog; path = Assets.xcassets; sourceTree = "<group>"; };
		0A3DC8C8289BC63A00DD56C5 /* Caremote WatchKit Extension.appex */ = {isa = PBXFileReference; explicitFileType = "wrapper.app-extension"; includeInIndex = 0; path = "Caremote WatchKit Extension.appex"; sourceTree = BUILT_PRODUCTS_DIR; };
		0A3DC8CD289BC63A00DD56C5 /* CaremoteApp.swift */ = {isa = PBXFileReference; lastKnownFileType = sourcecode.swift; path = CaremoteApp.swift; sourceTree = "<group>"; };
		0A3DC8CF289BC63A00DD56C5 /* ContentView.swift */ = {isa = PBXFileReference; lastKnownFileType = sourcecode.swift; path = ContentView.swift; sourceTree = "<group>"; };
		0A3DC8D1289BC63A00DD56C5 /* NotificationController.swift */ = {isa = PBXFileReference; lastKnownFileType = sourcecode.swift; path = NotificationController.swift; sourceTree = "<group>"; };
		0A3DC8D3289BC63A00DD56C5 /* NotificationView.swift */ = {isa = PBXFileReference; lastKnownFileType = sourcecode.swift; path = NotificationView.swift; sourceTree = "<group>"; };
		0A3DC8D5289BC63A00DD56C5 /* ComplicationController.swift */ = {isa = PBXFileReference; lastKnownFileType = sourcecode.swift; path = ComplicationController.swift; sourceTree = "<group>"; };
		0A3DC8D7289BC63B00DD56C5 /* Assets.xcassets */ = {isa = PBXFileReference; lastKnownFileType = folder.assetcatalog; path = Assets.xcassets; sourceTree = "<group>"; };
		0A3DC8DA289BC63B00DD56C5 /* Preview Assets.xcassets */ = {isa = PBXFileReference; lastKnownFileType = folder.assetcatalog; path = "Preview Assets.xcassets"; sourceTree = "<group>"; };
		0A3DC8DC289BC63B00DD56C5 /* Info.plist */ = {isa = PBXFileReference; lastKnownFileType = text.plist.xml; path = Info.plist; sourceTree = "<group>"; };
		0A3DC8DD289BC63B00DD56C5 /* PushNotificationPayload.apns */ = {isa = PBXFileReference; lastKnownFileType = text; path = PushNotificationPayload.apns; sourceTree = "<group>"; };
/* End PBXFileReference section */

/* Begin PBXFrameworksBuildPhase section */
		0A3DC8AC289BC63900DD56C5 /* Frameworks */ = {
			isa = PBXFrameworksBuildPhase;
			buildActionMask = 2147483647;
			files = (
			);
			runOnlyForDeploymentPostprocessing = 0;
		};
		0A3DC8C5289BC63A00DD56C5 /* Frameworks */ = {
			isa = PBXFrameworksBuildPhase;
			buildActionMask = 2147483647;
			files = (
			);
			runOnlyForDeploymentPostprocessing = 0;
		};
/* End PBXFrameworksBuildPhase section */

/* Begin PBXGroup section */
		0A3DC8A6289BC63900DD56C5 = {
			isa = PBXGroup;
			children = (
				0A3DC8B1289BC63900DD56C5 /* Caremote */,
				0A3DC8C1289BC63A00DD56C5 /* Caremote WatchKit App */,
				0A3DC8CC289BC63A00DD56C5 /* Caremote WatchKit Extension */,
				0A3DC8B0289BC63900DD56C5 /* Products */,
			);
			sourceTree = "<group>";
		};
		0A3DC8B0289BC63900DD56C5 /* Products */ = {
			isa = PBXGroup;
			children = (
				0A3DC8AF289BC63900DD56C5 /* Caremote.app */,
				0A3DC8BD289BC63A00DD56C5 /* Caremote WatchKit App.app */,
				0A3DC8C8289BC63A00DD56C5 /* Caremote WatchKit Extension.appex */,
			);
			name = Products;
			sourceTree = "<group>";
		};
		0A3DC8B1289BC63900DD56C5 /* Caremote */ = {
			isa = PBXGroup;
			children = (
				0A3DC8B2289BC63900DD56C5 /* CaremoteApp.swift */,
				0A3DC8B4289BC63900DD56C5 /* ContentView.swift */,
				0A3DC8B6289BC63900DD56C5 /* Assets.xcassets */,
				0A3DC8B8289BC63900DD56C5 /* Preview Content */,
			);
			path = Caremote;
			sourceTree = "<group>";
		};
		0A3DC8B8289BC63900DD56C5 /* Preview Content */ = {
			isa = PBXGroup;
			children = (
				0A3DC8B9289BC63900DD56C5 /* Preview Assets.xcassets */,
			);
			path = "Preview Content";
			sourceTree = "<group>";
		};
		0A3DC8C1289BC63A00DD56C5 /* Caremote WatchKit App */ = {
			isa = PBXGroup;
			children = (
				0A3DC8C2289BC63A00DD56C5 /* Assets.xcassets */,
			);
			path = "Caremote WatchKit App";
			sourceTree = "<group>";
		};
		0A3DC8CC289BC63A00DD56C5 /* Caremote WatchKit Extension */ = {
			isa = PBXGroup;
			children = (
				0A3DC8CD289BC63A00DD56C5 /* CaremoteApp.swift */,
				0A3DC8CF289BC63A00DD56C5 /* ContentView.swift */,
				0A3DC8D1289BC63A00DD56C5 /* NotificationController.swift */,
				0A3DC8D3289BC63A00DD56C5 /* NotificationView.swift */,
				0A3DC8D5289BC63A00DD56C5 /* ComplicationController.swift */,
				0A3DC8D7289BC63B00DD56C5 /* Assets.xcassets */,
				0A3DC8DC289BC63B00DD56C5 /* Info.plist */,
				0A3DC8DD289BC63B00DD56C5 /* PushNotificationPayload.apns */,
				0A3DC8D9289BC63B00DD56C5 /* Preview Content */,
			);
			path = "Caremote WatchKit Extension";
			sourceTree = "<group>";
		};
		0A3DC8D9289BC63B00DD56C5 /* Preview Content */ = {
			isa = PBXGroup;
			children = (
				0A3DC8DA289BC63B00DD56C5 /* Preview Assets.xcassets */,
			);
			path = "Preview Content";
			sourceTree = "<group>";
		};
/* End PBXGroup section */

/* Begin PBXNativeTarget section */
		0A3DC8AE289BC63900DD56C5 /* Caremote */ = {
			isa = PBXNativeTarget;
			buildConfigurationList = 0A3DC8E8289BC63B00DD56C5 /* Build configuration list for PBXNativeTarget "Caremote" */;
			buildPhases = (
				0A3DC8AB289BC63900DD56C5 /* Sources */,
				0A3DC8AC289BC63900DD56C5 /* Frameworks */,
				0A3DC8AD289BC63900DD56C5 /* Resources */,
				0A3DC8E7289BC63B00DD56C5 /* Embed Watch Content */,
			);
			buildRules = (
			);
			dependencies = (
				0A3DC8C0289BC63A00DD56C5 /* PBXTargetDependency */,
			);
			name = Caremote;
			productName = Caremote;
			productReference = 0A3DC8AF289BC63900DD56C5 /* Caremote.app */;
			productType = "com.apple.product-type.application";
		};
		0A3DC8BC289BC63A00DD56C5 /* Caremote WatchKit App */ = {
			isa = PBXNativeTarget;
			buildConfigurationList = 0A3DC8E4289BC63B00DD56C5 /* Build configuration list for PBXNativeTarget "Caremote WatchKit App" */;
			buildPhases = (
				0A3DC8BB289BC63A00DD56C5 /* Resources */,
				0A3DC8E3289BC63B00DD56C5 /* Embed App Extensions */,
			);
			buildRules = (
			);
			dependencies = (
				0A3DC8CB289BC63A00DD56C5 /* PBXTargetDependency */,
			);
			name = "Caremote WatchKit App";
			productName = "Caremote WatchKit App";
			productReference = 0A3DC8BD289BC63A00DD56C5 /* Caremote WatchKit App.app */;
			productType = "com.apple.product-type.application.watchapp2";
		};
		0A3DC8C7289BC63A00DD56C5 /* Caremote WatchKit Extension */ = {
			isa = PBXNativeTarget;
			buildConfigurationList = 0A3DC8E0289BC63B00DD56C5 /* Build configuration list for PBXNativeTarget "Caremote WatchKit Extension" */;
			buildPhases = (
				0A3DC8C4289BC63A00DD56C5 /* Sources */,
				0A3DC8C5289BC63A00DD56C5 /* Frameworks */,
				0A3DC8C6289BC63A00DD56C5 /* Resources */,
			);
			buildRules = (
			);
			dependencies = (
			);
			name = "Caremote WatchKit Extension";
			productName = "Caremote WatchKit Extension";
			productReference = 0A3DC8C8289BC63A00DD56C5 /* Caremote WatchKit Extension.appex */;
			productType = "com.apple.product-type.watchkit2-extension";
		};
/* End PBXNativeTarget section */

/* Begin PBXProject section */
		0A3DC8A7289BC63900DD56C5 /* Project object */ = {
			isa = PBXProject;
			attributes = {
				BuildIndependentTargetsInParallel = 1;
				LastSwiftUpdateCheck = 1340;
				LastUpgradeCheck = 1340;
				TargetAttributes = {
					0A3DC8AE289BC63900DD56C5 = {
						CreatedOnToolsVersion = 13.4.1;
					};
					0A3DC8BC289BC63A00DD56C5 = {
						CreatedOnToolsVersion = 13.4.1;
					};
					0A3DC8C7289BC63A00DD56C5 = {
						CreatedOnToolsVersion = 13.4.1;
					};
				};
			};
			buildConfigurationList = 0A3DC8AA289BC63900DD56C5 /* Build configuration list for PBXProject "Caremote" */;
			compatibilityVersion = "Xcode 13.0";
			developmentRegion = en;
			hasScannedForEncodings = 0;
			knownRegions = (
				en,
				Base,
			);
			mainGroup = 0A3DC8A6289BC63900DD56C5;
			productRefGroup = 0A3DC8B0289BC63900DD56C5 /* Products */;
			projectDirPath = "";
			projectRoot = "";
			targets = (
				0A3DC8AE289BC63900DD56C5 /* Caremote */,
				0A3DC8BC289BC63A00DD56C5 /* Caremote WatchKit App */,
				0A3DC8C7289BC63A00DD56C5 /* Caremote WatchKit Extension */,
			);
		};
/* End PBXProject section */

/* Begin PBXResourcesBuildPhase section */
		0A3DC8AD289BC63900DD56C5 /* Resources */ = {
			isa = PBXResourcesBuildPhase;
			buildActionMask = 2147483647;
			files = (
				0A3DC8BA289BC63900DD56C5 /* Preview Assets.xcassets in Resources */,
				0A3DC8B7289BC63900DD56C5 /* Assets.xcassets in Resources */,
			);
			runOnlyForDeploymentPostprocessing = 0;
		};
		0A3DC8BB289BC63A00DD56C5 /* Resources */ = {
			isa = PBXResourcesBuildPhase;
			buildActionMask = 2147483647;
			files = (
				0A3DC8C3289BC63A00DD56C5 /* Assets.xcassets in Resources */,
			);
			runOnlyForDeploymentPostprocessing = 0;
		};
		0A3DC8C6289BC63A00DD56C5 /* Resources */ = {
			isa = PBXResourcesBuildPhase;
			buildActionMask = 2147483647;
			files = (
				0A3DC8DB289BC63B00DD56C5 /* Preview Assets.xcassets in Resources */,
				0A3DC8D8289BC63B00DD56C5 /* Assets.xcassets in Resources */,
			);
			runOnlyForDeploymentPostprocessing = 0;
		};
/* End PBXResourcesBuildPhase section */

/* Begin PBXSourcesBuildPhase section */
		0A3DC8AB289BC63900DD56C5 /* Sources */ = {
			isa = PBXSourcesBuildPhase;
			buildActionMask = 2147483647;
			files = (
				0A3DC8B5289BC63900DD56C5 /* ContentView.swift in Sources */,
				0A3DC8B3289BC63900DD56C5 /* CaremoteApp.swift in Sources */,
			);
			runOnlyForDeploymentPostprocessing = 0;
		};
		0A3DC8C4289BC63A00DD56C5 /* Sources */ = {
			isa = PBXSourcesBuildPhase;
			buildActionMask = 2147483647;
			files = (
				0A3DC8D2289BC63A00DD56C5 /* NotificationController.swift in Sources */,
				0A3DC8D0289BC63A00DD56C5 /* ContentView.swift in Sources */,
				0A3DC8D6289BC63A00DD56C5 /* ComplicationController.swift in Sources */,
				0A3DC8CE289BC63A00DD56C5 /* CaremoteApp.swift in Sources */,
				0A3DC8D4289BC63A00DD56C5 /* NotificationView.swift in Sources */,
			);
			runOnlyForDeploymentPostprocessing = 0;
		};
/* End PBXSourcesBuildPhase section */

/* Begin PBXTargetDependency section */
		0A3DC8C0289BC63A00DD56C5 /* PBXTargetDependency */ = {
			isa = PBXTargetDependency;
			target = 0A3DC8BC289BC63A00DD56C5 /* Caremote WatchKit App */;
			targetProxy = 0A3DC8BF289BC63A00DD56C5 /* PBXContainerItemProxy */;
		};
		0A3DC8CB289BC63A00DD56C5 /* PBXTargetDependency */ = {
			isa = PBXTargetDependency;
			target = 0A3DC8C7289BC63A00DD56C5 /* Caremote WatchKit Extension */;
			targetProxy = 0A3DC8CA289BC63A00DD56C5 /* PBXContainerItemProxy */;
		};
/* End PBXTargetDependency section */

/* Begin XCBuildConfiguration section */
		0A3DC8DE289BC63B00DD56C5 /* Debug */ = {
			isa = XCBuildConfiguration;
			buildSettings = {
				ALWAYS_SEARCH_USER_PATHS = NO;
				CLANG_ANALYZER_NONNULL = YES;
				CLANG_ANALYZER_NUMBER_OBJECT_CONVERSION = YES_AGGRESSIVE;
				CLANG_CXX_LANGUAGE_STANDARD = "gnu++17";
				CLANG_ENABLE_MODULES = YES;
				CLANG_ENABLE_OBJC_ARC = YES;
				CLANG_ENABLE_OBJC_WEAK = YES;
				CLANG_WARN_BLOCK_CAPTURE_AUTORELEASING = YES;
				CLANG_WARN_BOOL_CONVERSION = YES;
				CLANG_WARN_COMMA = YES;
				CLANG_WARN_CONSTANT_CONVERSION = YES;
				CLANG_WARN_DEPRECATED_OBJC_IMPLEMENTATIONS = YES;
				CLANG_WARN_DIRECT_OBJC_ISA_USAGE = YES_ERROR;
				CLANG_WARN_DOCUMENTATION_COMMENTS = YES;
				CLANG_WARN_EMPTY_BODY = YES;
				CLANG_WARN_ENUM_CONVERSION = YES;
				CLANG_WARN_INFINITE_RECURSION = YES;
				CLANG_WARN_INT_CONVERSION = YES;
				CLANG_WARN_NON_LITERAL_NULL_CONVERSION = YES;
				CLANG_WARN_OBJC_IMPLICIT_RETAIN_SELF = YES;
				CLANG_WARN_OBJC_LITERAL_CONVERSION = YES;
				CLANG_WARN_OBJC_ROOT_CLASS = YES_ERROR;
				CLANG_WARN_QUOTED_INCLUDE_IN_FRAMEWORK_HEADER = YES;
				CLANG_WARN_RANGE_LOOP_ANALYSIS = YES;
				CLANG_WARN_STRICT_PROTOTYPES = YES;
				CLANG_WARN_SUSPICIOUS_MOVE = YES;
				CLANG_WARN_UNGUARDED_AVAILABILITY = YES_AGGRESSIVE;
				CLANG_WARN_UNREACHABLE_CODE = YES;
				CLANG_WARN__DUPLICATE_METHOD_MATCH = YES;
				COPY_PHASE_STRIP = NO;
				DEBUG_INFORMATION_FORMAT = dwarf;
				ENABLE_STRICT_OBJC_MSGSEND = YES;
				ENABLE_TESTABILITY = YES;
				GCC_C_LANGUAGE_STANDARD = gnu11;
				GCC_DYNAMIC_NO_PIC = NO;
				GCC_NO_COMMON_BLOCKS = YES;
				GCC_OPTIMIZATION_LEVEL = 0;
				GCC_PREPROCESSOR_DEFINITIONS = (
					"DEBUG=1",
					"$(inherited)",
				);
				GCC_WARN_64_TO_32_BIT_CONVERSION = YES;
				GCC_WARN_ABOUT_RETURN_TYPE = YES_ERROR;
				GCC_WARN_UNDECLARED_SELECTOR = YES;
				GCC_WARN_UNINITIALIZED_AUTOS = YES_AGGRESSIVE;
				GCC_WARN_UNUSED_FUNCTION = YES;
				GCC_WARN_UNUSED_VARIABLE = YES;
				MTL_ENABLE_DEBUG_INFO = INCLUDE_SOURCE;
				MTL_FAST_MATH = YES;
				ONLY_ACTIVE_ARCH = YES;
				SWIFT_ACTIVE_COMPILATION_CONDITIONS = DEBUG;
				SWIFT_OPTIMIZATION_LEVEL = "-Onone";
			};
			name = Debug;
		};
		0A3DC8DF289BC63B00DD56C5 /* Release */ = {
			isa = XCBuildConfiguration;
			buildSettings = {
				ALWAYS_SEARCH_USER_PATHS = NO;
				CLANG_ANALYZER_NONNULL = YES;
				CLANG_ANALYZER_NUMBER_OBJECT_CONVERSION = YES_AGGRESSIVE;
				CLANG_CXX_LANGUAGE_STANDARD = "gnu++17";
				CLANG_ENABLE_MODULES = YES;
				CLANG_ENABLE_OBJC_ARC = YES;
				CLANG_ENABLE_OBJC_WEAK = YES;
				CLANG_WARN_BLOCK_CAPTURE_AUTORELEASING = YES;
				CLANG_WARN_BOOL_CONVERSION = YES;
				CLANG_WARN_COMMA = YES;
				CLANG_WARN_CONSTANT_CONVERSION = YES;
				CLANG_WARN_DEPRECATED_OBJC_IMPLEMENTATIONS = YES;
				CLANG_WARN_DIRECT_OBJC_ISA_USAGE = YES_ERROR;
				CLANG_WARN_DOCUMENTATION_COMMENTS = YES;
				CLANG_WARN_EMPTY_BODY = YES;
				CLANG_WARN_ENUM_CONVERSION = YES;
				CLANG_WARN_INFINITE_RECURSION = YES;
				CLANG_WARN_INT_CONVERSION = YES;
				CLANG_WARN_NON_LITERAL_NULL_CONVERSION = YES;
				CLANG_WARN_OBJC_IMPLICIT_RETAIN_SELF = YES;
				CLANG_WARN_OBJC_LITERAL_CONVERSION = YES;
				CLANG_WARN_OBJC_ROOT_CLASS = YES_ERROR;
				CLANG_WARN_QUOTED_INCLUDE_IN_FRAMEWORK_HEADER = YES;
				CLANG_WARN_RANGE_LOOP_ANALYSIS = YES;
				CLANG_WARN_STRICT_PROTOTYPES = YES;
				CLANG_WARN_SUSPICIOUS_MOVE = YES;
				CLANG_WARN_UNGUARDED_AVAILABILITY = YES_AGGRESSIVE;
				CLANG_WARN_UNREACHABLE_CODE = YES;
				CLANG_WARN__DUPLICATE_METHOD_MATCH = YES;
				COPY_PHASE_STRIP = NO;
				DEBUG_INFORMATION_FORMAT = "dwarf-with-dsym";
				ENABLE_NS_ASSERTIONS = NO;
				ENABLE_STRICT_OBJC_MSGSEND = YES;
				GCC_C_LANGUAGE_STANDARD = gnu11;
				GCC_NO_COMMON_BLOCKS = YES;
				GCC_WARN_64_TO_32_BIT_CONVERSION = YES;
				GCC_WARN_ABOUT_RETURN_TYPE = YES_ERROR;
				GCC_WARN_UNDECLARED_SELECTOR = YES;
				GCC_WARN_UNINITIALIZED_AUTOS = YES_AGGRESSIVE;
				GCC_WARN_UNUSED_FUNCTION = YES;
				GCC_WARN_UNUSED_VARIABLE = YES;
				MTL_ENABLE_DEBUG_INFO = NO;
				MTL_FAST_MATH = YES;
				SWIFT_COMPILATION_MODE = wholemodule;
				SWIFT_OPTIMIZATION_LEVEL = "-O";
			};
			name = Release;
		};
		0A3DC8E1289BC63B00DD56C5 /* Debug */ = {
			isa = XCBuildConfiguration;
			buildSettings = {
				ASSETCATALOG_COMPILER_COMPLICATION_NAME = Complication;
				CODE_SIGN_STYLE = Automatic;
				CURRENT_PROJECT_VERSION = 1;
				DEVELOPMENT_ASSET_PATHS = "\"Caremote WatchKit Extension/Preview Content\"";
				DEVELOPMENT_TEAM = YWZCVA2CMH;
				ENABLE_PREVIEWS = YES;
				GENERATE_INFOPLIST_FILE = YES;
				INFOPLIST_FILE = "Caremote WatchKit Extension/Info.plist";
				INFOPLIST_KEY_CFBundleDisplayName = "Caremote WatchKit Extension";
				INFOPLIST_KEY_CLKComplicationPrincipalClass = "$(PRODUCT_MODULE_NAME).ComplicationController";
				INFOPLIST_KEY_NSHumanReadableCopyright = "";
				INFOPLIST_KEY_WKRunsIndependentlyOfCompanionApp = YES;
				LD_RUNPATH_SEARCH_PATHS = (
					"$(inherited)",
					"@executable_path/Frameworks",
					"@executable_path/../../Frameworks",
				);
				MARKETING_VERSION = 1.0;
				PRODUCT_BUNDLE_IDENTIFIER = com.test.Caremote.watchkitapp.watchkitextension;
				PRODUCT_NAME = "${TARGET_NAME}";
				SDKROOT = watchos;
				SKIP_INSTALL = YES;
				SWIFT_EMIT_LOC_STRINGS = YES;
				SWIFT_VERSION = 5.0;
				TARGETED_DEVICE_FAMILY = 4;
				WATCHOS_DEPLOYMENT_TARGET = 8.5;
			};
			name = Debug;
		};
		0A3DC8E2289BC63B00DD56C5 /* Release */ = {
			isa = XCBuildConfiguration;
			buildSettings = {
				ASSETCATALOG_COMPILER_COMPLICATION_NAME = Complication;
				CODE_SIGN_STYLE = Automatic;
				CURRENT_PROJECT_VERSION = 1;
				DEVELOPMENT_ASSET_PATHS = "\"Caremote WatchKit Extension/Preview Content\"";
				DEVELOPMENT_TEAM = YWZCVA2CMH;
				ENABLE_PREVIEWS = YES;
				GENERATE_INFOPLIST_FILE = YES;
				INFOPLIST_FILE = "Caremote WatchKit Extension/Info.plist";
				INFOPLIST_KEY_CFBundleDisplayName = "Caremote WatchKit Extension";
				INFOPLIST_KEY_CLKComplicationPrincipalClass = "$(PRODUCT_MODULE_NAME).ComplicationController";
				INFOPLIST_KEY_NSHumanReadableCopyright = "";
				INFOPLIST_KEY_WKRunsIndependentlyOfCompanionApp = YES;
				LD_RUNPATH_SEARCH_PATHS = (
					"$(inherited)",
					"@executable_path/Frameworks",
					"@executable_path/../../Frameworks",
				);
				MARKETING_VERSION = 1.0;
				PRODUCT_BUNDLE_IDENTIFIER = com.test.Caremote.watchkitapp.watchkitextension;
				PRODUCT_NAME = "${TARGET_NAME}";
				SDKROOT = watchos;
				SKIP_INSTALL = YES;
				SWIFT_EMIT_LOC_STRINGS = YES;
				SWIFT_VERSION = 5.0;
				TARGETED_DEVICE_FAMILY = 4;
				VALIDATE_PRODUCT = YES;
				WATCHOS_DEPLOYMENT_TARGET = 8.5;
			};
			name = Release;
		};
		0A3DC8E5289BC63B00DD56C5 /* Debug */ = {
			isa = XCBuildConfiguration;
			buildSettings = {
				ALWAYS_EMBED_SWIFT_STANDARD_LIBRARIES = YES;
				ASSETCATALOG_COMPILER_APPICON_NAME = AppIcon;
				ASSETCATALOG_COMPILER_GLOBAL_ACCENT_COLOR_NAME = AccentColor;
				CODE_SIGN_STYLE = Automatic;
				CURRENT_PROJECT_VERSION = 1;
				DEVELOPMENT_TEAM = YWZCVA2CMH;
				GENERATE_INFOPLIST_FILE = YES;
				IBSC_MODULE = Caremote_WatchKit_Extension;
				INFOPLIST_KEY_CFBundleDisplayName = "Caremote WatchKit App";
				INFOPLIST_KEY_UISupportedInterfaceOrientations = "UIInterfaceOrientationPortrait UIInterfaceOrientationPortraitUpsideDown";
				INFOPLIST_KEY_WKCompanionAppBundleIdentifier = com.test.Caremote;
				MARKETING_VERSION = 1.0;
				PRODUCT_BUNDLE_IDENTIFIER = com.test.Caremote.watchkitapp;
				PRODUCT_NAME = "$(TARGET_NAME)";
				SDKROOT = watchos;
				SKIP_INSTALL = YES;
				SWIFT_EMIT_LOC_STRINGS = YES;
				SWIFT_VERSION = 5.0;
				TARGETED_DEVICE_FAMILY = 4;
				WATCHOS_DEPLOYMENT_TARGET = 8.5;
			};
			name = Debug;
		};
		0A3DC8E6289BC63B00DD56C5 /* Release */ = {
			isa = XCBuildConfiguration;
			buildSettings = {
				ALWAYS_EMBED_SWIFT_STANDARD_LIBRARIES = YES;
				ASSETCATALOG_COMPILER_APPICON_NAME = AppIcon;
				ASSETCATALOG_COMPILER_GLOBAL_ACCENT_COLOR_NAME = AccentColor;
				CODE_SIGN_STYLE = Automatic;
				CURRENT_PROJECT_VERSION = 1;
				DEVELOPMENT_TEAM = YWZCVA2CMH;
				GENERATE_INFOPLIST_FILE = YES;
				IBSC_MODULE = Caremote_WatchKit_Extension;
				INFOPLIST_KEY_CFBundleDisplayName = "Caremote WatchKit App";
				INFOPLIST_KEY_UISupportedInterfaceOrientations = "UIInterfaceOrientationPortrait UIInterfaceOrientationPortraitUpsideDown";
				INFOPLIST_KEY_WKCompanionAppBundleIdentifier = com.test.Caremote;
				MARKETING_VERSION = 1.0;
				PRODUCT_BUNDLE_IDENTIFIER = com.test.Caremote.watchkitapp;
				PRODUCT_NAME = "$(TARGET_NAME)";
				SDKROOT = watchos;
				SKIP_INSTALL = YES;
				SWIFT_EMIT_LOC_STRINGS = YES;
				SWIFT_VERSION = 5.0;
				TARGETED_DEVICE_FAMILY = 4;
				VALIDATE_PRODUCT = YES;
				WATCHOS_DEPLOYMENT_TARGET = 8.5;
			};
			name = Release;
		};
		0A3DC8E9289BC63B00DD56C5 /* Debug */ = {
			isa = XCBuildConfiguration;
			buildSettings = {
				ASSETCATALOG_COMPILER_APPICON_NAME = AppIcon;
				ASSETCATALOG_COMPILER_GLOBAL_ACCENT_COLOR_NAME = AccentColor;
				CODE_SIGN_STYLE = Automatic;
				CURRENT_PROJECT_VERSION = 1;
				DEVELOPMENT_ASSET_PATHS = "\"Caremote/Preview Content\"";
				DEVELOPMENT_TEAM = YWZCVA2CMH;
				ENABLE_PREVIEWS = YES;
				GENERATE_INFOPLIST_FILE = YES;
				INFOPLIST_KEY_UIApplicationSceneManifest_Generation = YES;
				INFOPLIST_KEY_UIApplicationSupportsIndirectInputEvents = YES;
				INFOPLIST_KEY_UILaunchScreen_Generation = YES;
				INFOPLIST_KEY_UISupportedInterfaceOrientations_iPad = "UIInterfaceOrientationPortrait UIInterfaceOrientationPortraitUpsideDown UIInterfaceOrientationLandscapeLeft UIInterfaceOrientationLandscapeRight";
				INFOPLIST_KEY_UISupportedInterfaceOrientations_iPhone = "UIInterfaceOrientationPortrait UIInterfaceOrientationLandscapeLeft UIInterfaceOrientationLandscapeRight";
				IPHONEOS_DEPLOYMENT_TARGET = 15.5;
				LD_RUNPATH_SEARCH_PATHS = (
					"$(inherited)",
					"@executable_path/Frameworks",
				);
				MARKETING_VERSION = 1.0;
				PRODUCT_BUNDLE_IDENTIFIER = com.test.Caremote;
				PRODUCT_NAME = "$(TARGET_NAME)";
				SDKROOT = iphoneos;
				SWIFT_EMIT_LOC_STRINGS = YES;
				SWIFT_VERSION = 5.0;
				TARGETED_DEVICE_FAMILY = "1,2";
			};
			name = Debug;
		};
		0A3DC8EA289BC63B00DD56C5 /* Release */ = {
			isa = XCBuildConfiguration;
			buildSettings = {
				ASSETCATALOG_COMPILER_APPICON_NAME = AppIcon;
				ASSETCATALOG_COMPILER_GLOBAL_ACCENT_COLOR_NAME = AccentColor;
				CODE_SIGN_STYLE = Automatic;
				CURRENT_PROJECT_VERSION = 1;
				DEVELOPMENT_ASSET_PATHS = "\"Caremote/Preview Content\"";
				DEVELOPMENT_TEAM = YWZCVA2CMH;
				ENABLE_PREVIEWS = YES;
				GENERATE_INFOPLIST_FILE = YES;
				INFOPLIST_KEY_UIApplicationSceneManifest_Generation = YES;
				INFOPLIST_KEY_UIApplicationSupportsIndirectInputEvents = YES;
				INFOPLIST_KEY_UILaunchScreen_Generation = YES;
				INFOPLIST_KEY_UISupportedInterfaceOrientations_iPad = "UIInterfaceOrientationPortrait UIInterfaceOrientationPortraitUpsideDown UIInterfaceOrientationLandscapeLeft UIInterfaceOrientationLandscapeRight";
				INFOPLIST_KEY_UISupportedInterfaceOrientations_iPhone = "UIInterfaceOrientationPortrait UIInterfaceOrientationLandscapeLeft UIInterfaceOrientationLandscapeRight";
				IPHONEOS_DEPLOYMENT_TARGET = 15.5;
				LD_RUNPATH_SEARCH_PATHS = (
					"$(inherited)",
					"@executable_path/Frameworks",
				);
				MARKETING_VERSION = 1.0;
				PRODUCT_BUNDLE_IDENTIFIER = com.test.Caremote;
				PRODUCT_NAME = "$(TARGET_NAME)";
				SDKROOT = iphoneos;
				SWIFT_EMIT_LOC_STRINGS = YES;
				SWIFT_VERSION = 5.0;
				TARGETED_DEVICE_FAMILY = "1,2";
				VALIDATE_PRODUCT = YES;
			};
			name = Release;
		};
/* End XCBuildConfiguration section */

/* Begin XCConfigurationList section */
		0A3DC8AA289BC63900DD56C5 /* Build configuration list for PBXProject "Caremote" */ = {
			isa = XCConfigurationList;
			buildConfigurations = (
				0A3DC8DE289BC63B00DD56C5 /* Debug */,
				0A3DC8DF289BC63B00DD56C5 /* Release */,
			);
			defaultConfigurationIsVisible = 0;
			defaultConfigurationName = Release;
		};
		0A3DC8E0289BC63B00DD56C5 /* Build configuration list for PBXNativeTarget "Caremote WatchKit Extension" */ = {
			isa = XCConfigurationList;
			buildConfigurations = (
				0A3DC8E1289BC63B00DD56C5 /* Debug */,
				0A3DC8E2289BC63B00DD56C5 /* Release */,
			);
			defaultConfigurationIsVisible = 0;
			defaultConfigurationName = Release;
		};
		0A3DC8E4289BC63B00DD56C5 /* Build configuration list for PBXNativeTarget "Caremote WatchKit App" */ = {
			isa = XCConfigurationList;
			buildConfigurations = (
				0A3DC8E5289BC63B00DD56C5 /* Debug */,
				0A3DC8E6289BC63B00DD56C5 /* Release */,
			);
			defaultConfigurationIsVisible = 0;
			defaultConfigurationName = Release;
		};
		0A3DC8E8289BC63B00DD56C5 /* Build configuration list for PBXNativeTarget "Caremote" */ = {
			isa = XCConfigurationList;
			buildConfigurations = (
				0A3DC8E9289BC63B00DD56C5 /* Debug */,
				0A3DC8EA289BC63B00DD56C5 /* Release */,
			);
			defaultConfigurationIsVisible = 0;
			defaultConfigurationName = Release;
		};
/* End XCConfigurationList section */
	};
	rootObject = 0A3DC8A7289BC63900DD56C5 /* Project object */;
}
